
Microsoft Visual Studio Solution File, Format Version 12.00
# Visual Studio Version 16
VisualStudioVersion = 16.0.29806.167
MinimumVisualStudioVersion = 10.0.40219.1
Project("{FAE04EC0-301F-11D3-BF4B-00C04F79EFBC}") = "Concatenate Data", "Concatenate Data\Concatenate Data.csproj", "{AAC3AAE6-DB8A-49CE-87DE-4FC97488218A}"
EndProject
Global
	GlobalSection(SolutionConfigurationPlatforms) = preSolution
		Debug|Any CPU = Debug|Any CPU
		Release|Any CPU = Release|Any CPU
	EndGlobalSection
	GlobalSection(ProjectConfigurationPlatforms) = postSolution
		{AAC3AAE6-DB8A-49CE-87DE-4FC97488218A}.Debug|Any CPU.ActiveCfg = Debug|Any CPU
		{AAC3AAE6-DB8A-49CE-87DE-4FC97488218A}.Debug|Any CPU.Build.0 = Debug|Any CPU
		{AAC3AAE6-DB8A-49CE-87DE-4FC97488218A}.Release|Any CPU.ActiveCfg = Release|Any CPU
		{AAC3AAE6-DB8A-49CE-87DE-4FC97488218A}.Release|Any CPU.Build.0 = Release|Any CPU
	EndGlobalSection
	GlobalSection(SolutionProperties) = preSolution
		HideSolutionNode = FALSE
	EndGlobalSection
	GlobalSection(ExtensibilityGlobals) = postSolution
		SolutionGuid = {6A57464F-40FB-4585-A092-6E0C7272A5C7}
	EndGlobalSection
EndGlobal
