
Microsoft Visual Studio Solution File, Format Version 12.00
# Visual Studio Version 16
VisualStudioVersion = 16.0.31515.178
MinimumVisualStudioVersion = 10.0.40219.1
Project("{FAE04EC0-301F-11D3-BF4B-00C04F79EFBC}") = "Listy Iterator", "Listy Iterator\Listy Iterator.csproj", "{70FC0220-4E1E-4206-B55A-905683542D8E}"
EndProject
Global
	GlobalSection(SolutionConfigurationPlatforms) = preSolution
		Debug|Any CPU = Debug|Any CPU
		Release|Any CPU = Release|Any CPU
	EndGlobalSection
	GlobalSection(ProjectConfigurationPlatforms) = postSolution
		{70FC0220-4E1E-4206-B55A-905683542D8E}.Debug|Any CPU.ActiveCfg = Debug|Any CPU
		{70FC0220-4E1E-4206-B55A-905683542D8E}.Debug|Any CPU.Build.0 = Debug|Any CPU
		{70FC0220-4E1E-4206-B55A-905683542D8E}.Release|Any CPU.ActiveCfg = Release|Any CPU
		{70FC0220-4E1E-4206-B55A-905683542D8E}.Release|Any CPU.Build.0 = Release|Any CPU
	EndGlobalSection
	GlobalSection(SolutionProperties) = preSolution
		HideSolutionNode = FALSE
	EndGlobalSection
	GlobalSection(ExtensibilityGlobals) = postSolution
		SolutionGuid = {1F7B227F-22FC-4A3C-B093-D993DF9872F9}
	EndGlobalSection
EndGlobal
