
Microsoft Visual Studio Solution File, Format Version 12.00
# Visual Studio Version 16
VisualStudioVersion = 16.0.29911.84
MinimumVisualStudioVersion = 10.0.40219.1
Project("{FAE04EC0-301F-11D3-BF4B-00C04F79EFBC}") = "Male and Female", "Male and Female\Male and Female.csproj", "{B7FB4177-AB24-4479-A40D-6D1CE5150A4F}"
EndProject
Global
	GlobalSection(SolutionConfigurationPlatforms) = preSolution
		Debug|Any CPU = Debug|Any CPU
		Release|Any CPU = Release|Any CPU
	EndGlobalSection
	GlobalSection(ProjectConfigurationPlatforms) = postSolution
		{B7FB4177-AB24-4479-A40D-6D1CE5150A4F}.Debug|Any CPU.ActiveCfg = Debug|Any CPU
		{B7FB4177-AB24-4479-A40D-6D1CE5150A4F}.Debug|Any CPU.Build.0 = Debug|Any CPU
		{B7FB4177-AB24-4479-A40D-6D1CE5150A4F}.Release|Any CPU.ActiveCfg = Release|Any CPU
		{B7FB4177-AB24-4479-A40D-6D1CE5150A4F}.Release|Any CPU.Build.0 = Release|Any CPU
	EndGlobalSection
	GlobalSection(SolutionProperties) = preSolution
		HideSolutionNode = FALSE
	EndGlobalSection
	GlobalSection(ExtensibilityGlobals) = postSolution
		SolutionGuid = {C6CD6FFF-B9A1-47A9-B1DD-0249956CF461}
	EndGlobalSection
EndGlobal
