
Microsoft Visual Studio Solution File, Format Version 12.00
# Visual Studio Version 16
VisualStudioVersion = 16.0.31112.23
MinimumVisualStudioVersion = 10.0.40219.1
Project("{FAE04EC0-301F-11D3-BF4B-00C04F79EFBC}") = "Arrays", "Arrays\Arrays.csproj", "{697C2535-6CB2-4988-8A6B-ABF2E02918A3}"
EndProject
Project("{FAE04EC0-301F-11D3-BF4B-00C04F79EFBC}") = "Magic Sum", "Magic Sum\Magic Sum.csproj", "{A752F1B0-4EA9-4FB6-9C41-9DDCFE7D4BBD}"
EndProject
Project("{FAE04EC0-301F-11D3-BF4B-00C04F79EFBC}") = "ConsoleApp1", "ConsoleApp1\ConsoleApp1.csproj", "{1CB44464-4D68-4845-B9FA-205E25296257}"
EndProject
Project("{FAE04EC0-301F-11D3-BF4B-00C04F79EFBC}") = "Kamino Factory", "Kamino Factory\Kamino Factory.csproj", "{77CE33A2-C618-4AAC-A158-0F04971E96A8}"
EndProject
Project("{FAE04EC0-301F-11D3-BF4B-00C04F79EFBC}") = "ConsoleApp2", "ConsoleApp2\ConsoleApp2.csproj", "{27AD8399-3E9C-4A5C-BAEA-84837E029926}"
EndProject
Global
	GlobalSection(SolutionConfigurationPlatforms) = preSolution
		Debug|Any CPU = Debug|Any CPU
		Release|Any CPU = Release|Any CPU
	EndGlobalSection
	GlobalSection(ProjectConfigurationPlatforms) = postSolution
		{697C2535-6CB2-4988-8A6B-ABF2E02918A3}.Debug|Any CPU.ActiveCfg = Debug|Any CPU
		{697C2535-6CB2-4988-8A6B-ABF2E02918A3}.Debug|Any CPU.Build.0 = Debug|Any CPU
		{697C2535-6CB2-4988-8A6B-ABF2E02918A3}.Release|Any CPU.ActiveCfg = Release|Any CPU
		{697C2535-6CB2-4988-8A6B-ABF2E02918A3}.Release|Any CPU.Build.0 = Release|Any CPU
		{A752F1B0-4EA9-4FB6-9C41-9DDCFE7D4BBD}.Debug|Any CPU.ActiveCfg = Debug|Any CPU
		{A752F1B0-4EA9-4FB6-9C41-9DDCFE7D4BBD}.Debug|Any CPU.Build.0 = Debug|Any CPU
		{A752F1B0-4EA9-4FB6-9C41-9DDCFE7D4BBD}.Release|Any CPU.ActiveCfg = Release|Any CPU
		{A752F1B0-4EA9-4FB6-9C41-9DDCFE7D4BBD}.Release|Any CPU.Build.0 = Release|Any CPU
		{1CB44464-4D68-4845-B9FA-205E25296257}.Debug|Any CPU.ActiveCfg = Debug|Any CPU
		{1CB44464-4D68-4845-B9FA-205E25296257}.Debug|Any CPU.Build.0 = Debug|Any CPU
		{1CB44464-4D68-4845-B9FA-205E25296257}.Release|Any CPU.ActiveCfg = Release|Any CPU
		{1CB44464-4D68-4845-B9FA-205E25296257}.Release|Any CPU.Build.0 = Release|Any CPU
		{77CE33A2-C618-4AAC-A158-0F04971E96A8}.Debug|Any CPU.ActiveCfg = Debug|Any CPU
		{77CE33A2-C618-4AAC-A158-0F04971E96A8}.Debug|Any CPU.Build.0 = Debug|Any CPU
		{77CE33A2-C618-4AAC-A158-0F04971E96A8}.Release|Any CPU.ActiveCfg = Release|Any CPU
		{77CE33A2-C618-4AAC-A158-0F04971E96A8}.Release|Any CPU.Build.0 = Release|Any CPU
		{27AD8399-3E9C-4A5C-BAEA-84837E029926}.Debug|Any CPU.ActiveCfg = Debug|Any CPU
		{27AD8399-3E9C-4A5C-BAEA-84837E029926}.Debug|Any CPU.Build.0 = Debug|Any CPU
		{27AD8399-3E9C-4A5C-BAEA-84837E029926}.Release|Any CPU.ActiveCfg = Release|Any CPU
		{27AD8399-3E9C-4A5C-BAEA-84837E029926}.Release|Any CPU.Build.0 = Release|Any CPU
	EndGlobalSection
	GlobalSection(SolutionProperties) = preSolution
		HideSolutionNode = FALSE
	EndGlobalSection
	GlobalSection(ExtensibilityGlobals) = postSolution
		SolutionGuid = {83EC31A7-9865-49A4-93AC-96154B86520C}
	EndGlobalSection
EndGlobal
