
Microsoft Visual Studio Solution File, Format Version 12.00
# Visual Studio Version 16
VisualStudioVersion = 16.0.31112.23
MinimumVisualStudioVersion = 10.0.40219.1
Project("{FAE04EC0-301F-11D3-BF4B-00C04F79EFBC}") = "List", "List\List.csproj", "{C99B1BBD-1535-42FB-B1A0-B1310D18CF05}"
EndProject
Project("{FAE04EC0-301F-11D3-BF4B-00C04F79EFBC}") = "ConsoleApp1", "ConsoleApp1\ConsoleApp1.csproj", "{2C8C8524-D54D-4B63-87CE-CF671EACFDDC}"
EndProject
Project("{FAE04EC0-301F-11D3-BF4B-00C04F79EFBC}") = "ConsoleApp2", "ConsoleApp2\ConsoleApp2.csproj", "{35330B92-52E6-4394-A6C6-69F5B85D9ED2}"
EndProject
Project("{FAE04EC0-301F-11D3-BF4B-00C04F79EFBC}") = "ConsoleApp3", "ConsoleApp3\ConsoleApp3.csproj", "{143AAA39-A434-43ED-89A7-385E35B454A8}"
EndProject
Project("{FAE04EC0-301F-11D3-BF4B-00C04F79EFBC}") = "ConsoleApp4", "ConsoleApp4\ConsoleApp4.csproj", "{C8245D1C-4E7D-466E-875C-F1DA479042BC}"
EndProject
Global
	GlobalSection(SolutionConfigurationPlatforms) = preSolution
		Debug|Any CPU = Debug|Any CPU
		Release|Any CPU = Release|Any CPU
	EndGlobalSection
	GlobalSection(ProjectConfigurationPlatforms) = postSolution
		{C99B1BBD-1535-42FB-B1A0-B1310D18CF05}.Debug|Any CPU.ActiveCfg = Debug|Any CPU
		{C99B1BBD-1535-42FB-B1A0-B1310D18CF05}.Debug|Any CPU.Build.0 = Debug|Any CPU
		{C99B1BBD-1535-42FB-B1A0-B1310D18CF05}.Release|Any CPU.ActiveCfg = Release|Any CPU
		{C99B1BBD-1535-42FB-B1A0-B1310D18CF05}.Release|Any CPU.Build.0 = Release|Any CPU
		{2C8C8524-D54D-4B63-87CE-CF671EACFDDC}.Debug|Any CPU.ActiveCfg = Debug|Any CPU
		{2C8C8524-D54D-4B63-87CE-CF671EACFDDC}.Debug|Any CPU.Build.0 = Debug|Any CPU
		{2C8C8524-D54D-4B63-87CE-CF671EACFDDC}.Release|Any CPU.ActiveCfg = Release|Any CPU
		{2C8C8524-D54D-4B63-87CE-CF671EACFDDC}.Release|Any CPU.Build.0 = Release|Any CPU
		{35330B92-52E6-4394-A6C6-69F5B85D9ED2}.Debug|Any CPU.ActiveCfg = Debug|Any CPU
		{35330B92-52E6-4394-A6C6-69F5B85D9ED2}.Debug|Any CPU.Build.0 = Debug|Any CPU
		{35330B92-52E6-4394-A6C6-69F5B85D9ED2}.Release|Any CPU.ActiveCfg = Release|Any CPU
		{35330B92-52E6-4394-A6C6-69F5B85D9ED2}.Release|Any CPU.Build.0 = Release|Any CPU
		{143AAA39-A434-43ED-89A7-385E35B454A8}.Debug|Any CPU.ActiveCfg = Debug|Any CPU
		{143AAA39-A434-43ED-89A7-385E35B454A8}.Debug|Any CPU.Build.0 = Debug|Any CPU
		{143AAA39-A434-43ED-89A7-385E35B454A8}.Release|Any CPU.ActiveCfg = Release|Any CPU
		{143AAA39-A434-43ED-89A7-385E35B454A8}.Release|Any CPU.Build.0 = Release|Any CPU
		{C8245D1C-4E7D-466E-875C-F1DA479042BC}.Debug|Any CPU.ActiveCfg = Debug|Any CPU
		{C8245D1C-4E7D-466E-875C-F1DA479042BC}.Debug|Any CPU.Build.0 = Debug|Any CPU
		{C8245D1C-4E7D-466E-875C-F1DA479042BC}.Release|Any CPU.ActiveCfg = Release|Any CPU
		{C8245D1C-4E7D-466E-875C-F1DA479042BC}.Release|Any CPU.Build.0 = Release|Any CPU
	EndGlobalSection
	GlobalSection(SolutionProperties) = preSolution
		HideSolutionNode = FALSE
	EndGlobalSection
	GlobalSection(ExtensibilityGlobals) = postSolution
		SolutionGuid = {A7583B41-4677-4B2E-9CE8-4950C54F17BF}
	EndGlobalSection
EndGlobal
