
Microsoft Visual Studio Solution File, Format Version 12.00
# Visual Studio Version 16
VisualStudioVersion = 16.0.31205.134
MinimumVisualStudioVersion = 10.0.40219.1
Project("{FAE04EC0-301F-11D3-BF4B-00C04F79EFBC}") = "Клас и Обект", "Клас и Обект\Клас и Обект.csproj", "{FBB8DB32-000F-49DE-84DA-89B42DDB4E5A}"
EndProject
Project("{FAE04EC0-301F-11D3-BF4B-00C04F79EFBC}") = "Students", "Students\Students.csproj", "{540453A6-ECFE-4881-A689-564CA47D6E7F}"
EndProject
Project("{9A19103F-16F7-4668-BE54-9A1E7A4F7556}") = "Article", "Article\Article.csproj", "{24D96DF0-0033-41C5-88FE-BF0A84308967}"
EndProject
Project("{9A19103F-16F7-4668-BE54-9A1E7A4F7556}") = "ConsoleApp1", "ConsoleApp1\ConsoleApp1.csproj", "{8FCBB8D5-ABB3-4D30-A9F9-0E5783B3B04A}"
EndProject
Project("{FAE04EC0-301F-11D3-BF4B-00C04F79EFBC}") = "ConsoleApp2", "ConsoleApp2\ConsoleApp2.csproj", "{E7A12A76-895D-44C1-9DB2-166C19D1B584}"
EndProject
Global
	GlobalSection(SolutionConfigurationPlatforms) = preSolution
		Debug|Any CPU = Debug|Any CPU
		Release|Any CPU = Release|Any CPU
	EndGlobalSection
	GlobalSection(ProjectConfigurationPlatforms) = postSolution
		{FBB8DB32-000F-49DE-84DA-89B42DDB4E5A}.Debug|Any CPU.ActiveCfg = Debug|Any CPU
		{FBB8DB32-000F-49DE-84DA-89B42DDB4E5A}.Debug|Any CPU.Build.0 = Debug|Any CPU
		{FBB8DB32-000F-49DE-84DA-89B42DDB4E5A}.Release|Any CPU.ActiveCfg = Release|Any CPU
		{FBB8DB32-000F-49DE-84DA-89B42DDB4E5A}.Release|Any CPU.Build.0 = Release|Any CPU
		{540453A6-ECFE-4881-A689-564CA47D6E7F}.Debug|Any CPU.ActiveCfg = Debug|Any CPU
		{540453A6-ECFE-4881-A689-564CA47D6E7F}.Debug|Any CPU.Build.0 = Debug|Any CPU
		{540453A6-ECFE-4881-A689-564CA47D6E7F}.Release|Any CPU.ActiveCfg = Release|Any CPU
		{540453A6-ECFE-4881-A689-564CA47D6E7F}.Release|Any CPU.Build.0 = Release|Any CPU
		{24D96DF0-0033-41C5-88FE-BF0A84308967}.Debug|Any CPU.ActiveCfg = Debug|Any CPU
		{24D96DF0-0033-41C5-88FE-BF0A84308967}.Debug|Any CPU.Build.0 = Debug|Any CPU
		{24D96DF0-0033-41C5-88FE-BF0A84308967}.Release|Any CPU.ActiveCfg = Release|Any CPU
		{24D96DF0-0033-41C5-88FE-BF0A84308967}.Release|Any CPU.Build.0 = Release|Any CPU
		{8FCBB8D5-ABB3-4D30-A9F9-0E5783B3B04A}.Debug|Any CPU.ActiveCfg = Debug|Any CPU
		{8FCBB8D5-ABB3-4D30-A9F9-0E5783B3B04A}.Debug|Any CPU.Build.0 = Debug|Any CPU
		{8FCBB8D5-ABB3-4D30-A9F9-0E5783B3B04A}.Release|Any CPU.ActiveCfg = Release|Any CPU
		{8FCBB8D5-ABB3-4D30-A9F9-0E5783B3B04A}.Release|Any CPU.Build.0 = Release|Any CPU
		{E7A12A76-895D-44C1-9DB2-166C19D1B584}.Debug|Any CPU.ActiveCfg = Debug|Any CPU
		{E7A12A76-895D-44C1-9DB2-166C19D1B584}.Debug|Any CPU.Build.0 = Debug|Any CPU
		{E7A12A76-895D-44C1-9DB2-166C19D1B584}.Release|Any CPU.ActiveCfg = Release|Any CPU
		{E7A12A76-895D-44C1-9DB2-166C19D1B584}.Release|Any CPU.Build.0 = Release|Any CPU
	EndGlobalSection
	GlobalSection(SolutionProperties) = preSolution
		HideSolutionNode = FALSE
	EndGlobalSection
	GlobalSection(ExtensibilityGlobals) = postSolution
		SolutionGuid = {AE51086F-41EC-4B89-80E2-5F269FED8D89}
	EndGlobalSection
EndGlobal
