
Microsoft Visual Studio Solution File, Format Version 12.00
# Visual Studio Version 16
VisualStudioVersion = 16.0.31205.134
MinimumVisualStudioVersion = 10.0.40219.1
Project("{FAE04EC0-301F-11D3-BF4B-00C04F79EFBC}") = "IBAN regex", "IBAN regex\IBAN regex.csproj", "{AA0A0E1D-557B-4543-A1C0-C5913A056E41}"
EndProject
Global
	GlobalSection(SolutionConfigurationPlatforms) = preSolution
		Debug|Any CPU = Debug|Any CPU
		Release|Any CPU = Release|Any CPU
	EndGlobalSection
	GlobalSection(ProjectConfigurationPlatforms) = postSolution
		{AA0A0E1D-557B-4543-A1C0-C5913A056E41}.Debug|Any CPU.ActiveCfg = Debug|Any CPU
		{AA0A0E1D-557B-4543-A1C0-C5913A056E41}.Debug|Any CPU.Build.0 = Debug|Any CPU
		{AA0A0E1D-557B-4543-A1C0-C5913A056E41}.Release|Any CPU.ActiveCfg = Release|Any CPU
		{AA0A0E1D-557B-4543-A1C0-C5913A056E41}.Release|Any CPU.Build.0 = Release|Any CPU
	EndGlobalSection
	GlobalSection(SolutionProperties) = preSolution
		HideSolutionNode = FALSE
	EndGlobalSection
	GlobalSection(ExtensibilityGlobals) = postSolution
		SolutionGuid = {7DE87F96-76A2-4855-A4C2-06A1829CE6F2}
	EndGlobalSection
EndGlobal
