
Microsoft Visual Studio Solution File, Format Version 12.00
# Visual Studio Version 16
VisualStudioVersion = 16.0.31515.178
MinimumVisualStudioVersion = 10.0.40219.1
Project("{FAE04EC0-301F-11D3-BF4B-00C04F79EFBC}") = "IteratorsAndComparators", "IteratorsAndComparators\IteratorsAndComparators.csproj", "{60FB802A-25BB-4167-9960-CFCD3A514386}"
EndProject
Global
	GlobalSection(SolutionConfigurationPlatforms) = preSolution
		Debug|Any CPU = Debug|Any CPU
		Release|Any CPU = Release|Any CPU
	EndGlobalSection
	GlobalSection(ProjectConfigurationPlatforms) = postSolution
		{60FB802A-25BB-4167-9960-CFCD3A514386}.Debug|Any CPU.ActiveCfg = Debug|Any CPU
		{60FB802A-25BB-4167-9960-CFCD3A514386}.Debug|Any CPU.Build.0 = Debug|Any CPU
		{60FB802A-25BB-4167-9960-CFCD3A514386}.Release|Any CPU.ActiveCfg = Release|Any CPU
		{60FB802A-25BB-4167-9960-CFCD3A514386}.Release|Any CPU.Build.0 = Release|Any CPU
	EndGlobalSection
	GlobalSection(SolutionProperties) = preSolution
		HideSolutionNode = FALSE
	EndGlobalSection
	GlobalSection(ExtensibilityGlobals) = postSolution
		SolutionGuid = {3DFC2513-F0A5-46A0-8EA9-EFB2B1EA8221}
	EndGlobalSection
EndGlobal
