
Microsoft Visual Studio Solution File, Format Version 12.00
# Visual Studio Version 16
VisualStudioVersion = 16.0.29920.165
MinimumVisualStudioVersion = 10.0.40219.1
Project("{FAE04EC0-301F-11D3-BF4B-00C04F79EFBC}") = "Father", "Father\Father.csproj", "{B6A08553-7D59-411F-9698-30E4A11DE6D4}"
EndProject
Global
	GlobalSection(SolutionConfigurationPlatforms) = preSolution
		Debug|Any CPU = Debug|Any CPU
		Release|Any CPU = Release|Any CPU
	EndGlobalSection
	GlobalSection(ProjectConfigurationPlatforms) = postSolution
		{B6A08553-7D59-411F-9698-30E4A11DE6D4}.Debug|Any CPU.ActiveCfg = Debug|Any CPU
		{B6A08553-7D59-411F-9698-30E4A11DE6D4}.Debug|Any CPU.Build.0 = Debug|Any CPU
		{B6A08553-7D59-411F-9698-30E4A11DE6D4}.Release|Any CPU.ActiveCfg = Release|Any CPU
		{B6A08553-7D59-411F-9698-30E4A11DE6D4}.Release|Any CPU.Build.0 = Release|Any CPU
	EndGlobalSection
	GlobalSection(SolutionProperties) = preSolution
		HideSolutionNode = FALSE
	EndGlobalSection
	GlobalSection(ExtensibilityGlobals) = postSolution
		SolutionGuid = {2FF31326-4D60-4E73-9736-12B14F90B34D}
	EndGlobalSection
EndGlobal
