
Microsoft Visual Studio Solution File, Format Version 12.00
# Visual Studio Version 16
VisualStudioVersion = 16.0.31005.135
MinimumVisualStudioVersion = 10.0.40219.1
Project("{9A19103F-16F7-4668-BE54-9A1E7A4F7556}") = "Книгата на Наков", "Книгата на Наков\Книгата на Наков.csproj", "{5B6DC776-8D92-401A-AD83-E866F56EDB75}"
EndProject
Project("{9A19103F-16F7-4668-BE54-9A1E7A4F7556}") = "Book", "Book\Book.csproj", "{31D93113-9222-49C0-9BDF-EFC266F8F205}"
EndProject
Project("{9A19103F-16F7-4668-BE54-9A1E7A4F7556}") = "ConsoleApp1", "ConsoleApp1\ConsoleApp1.csproj", "{B021992E-0E64-433E-B27E-72AB2E5A8096}"
EndProject
Project("{9A19103F-16F7-4668-BE54-9A1E7A4F7556}") = "ConsoleApp2", "ConsoleApp2\ConsoleApp2.csproj", "{CB9E8CB3-4EEE-4D62-9FB0-FE27224D2613}"
EndProject
Project("{9A19103F-16F7-4668-BE54-9A1E7A4F7556}") = "ConsoleApp3", "ConsoleApp3\ConsoleApp3.csproj", "{0E4C9182-2CE6-4F51-A375-CA956F8C7EBB}"
EndProject
Project("{FAE04EC0-301F-11D3-BF4B-00C04F79EFBC}") = "ConsoleApp4", "ConsoleApp4\ConsoleApp4.csproj", "{4BDE0A20-4100-4DE8-8602-3C10B29EF923}"
EndProject
Global
	GlobalSection(SolutionConfigurationPlatforms) = preSolution
		Debug|Any CPU = Debug|Any CPU
		Release|Any CPU = Release|Any CPU
	EndGlobalSection
	GlobalSection(ProjectConfigurationPlatforms) = postSolution
		{5B6DC776-8D92-401A-AD83-E866F56EDB75}.Debug|Any CPU.ActiveCfg = Debug|Any CPU
		{5B6DC776-8D92-401A-AD83-E866F56EDB75}.Debug|Any CPU.Build.0 = Debug|Any CPU
		{5B6DC776-8D92-401A-AD83-E866F56EDB75}.Release|Any CPU.ActiveCfg = Release|Any CPU
		{5B6DC776-8D92-401A-AD83-E866F56EDB75}.Release|Any CPU.Build.0 = Release|Any CPU
		{31D93113-9222-49C0-9BDF-EFC266F8F205}.Debug|Any CPU.ActiveCfg = Debug|Any CPU
		{31D93113-9222-49C0-9BDF-EFC266F8F205}.Debug|Any CPU.Build.0 = Debug|Any CPU
		{31D93113-9222-49C0-9BDF-EFC266F8F205}.Release|Any CPU.ActiveCfg = Release|Any CPU
		{31D93113-9222-49C0-9BDF-EFC266F8F205}.Release|Any CPU.Build.0 = Release|Any CPU
		{B021992E-0E64-433E-B27E-72AB2E5A8096}.Debug|Any CPU.ActiveCfg = Debug|Any CPU
		{B021992E-0E64-433E-B27E-72AB2E5A8096}.Debug|Any CPU.Build.0 = Debug|Any CPU
		{B021992E-0E64-433E-B27E-72AB2E5A8096}.Release|Any CPU.ActiveCfg = Release|Any CPU
		{B021992E-0E64-433E-B27E-72AB2E5A8096}.Release|Any CPU.Build.0 = Release|Any CPU
		{CB9E8CB3-4EEE-4D62-9FB0-FE27224D2613}.Debug|Any CPU.ActiveCfg = Debug|Any CPU
		{CB9E8CB3-4EEE-4D62-9FB0-FE27224D2613}.Debug|Any CPU.Build.0 = Debug|Any CPU
		{CB9E8CB3-4EEE-4D62-9FB0-FE27224D2613}.Release|Any CPU.ActiveCfg = Release|Any CPU
		{CB9E8CB3-4EEE-4D62-9FB0-FE27224D2613}.Release|Any CPU.Build.0 = Release|Any CPU
		{0E4C9182-2CE6-4F51-A375-CA956F8C7EBB}.Debug|Any CPU.ActiveCfg = Debug|Any CPU
		{0E4C9182-2CE6-4F51-A375-CA956F8C7EBB}.Debug|Any CPU.Build.0 = Debug|Any CPU
		{0E4C9182-2CE6-4F51-A375-CA956F8C7EBB}.Release|Any CPU.ActiveCfg = Release|Any CPU
		{0E4C9182-2CE6-4F51-A375-CA956F8C7EBB}.Release|Any CPU.Build.0 = Release|Any CPU
		{4BDE0A20-4100-4DE8-8602-3C10B29EF923}.Debug|Any CPU.ActiveCfg = Debug|Any CPU
		{4BDE0A20-4100-4DE8-8602-3C10B29EF923}.Debug|Any CPU.Build.0 = Debug|Any CPU
		{4BDE0A20-4100-4DE8-8602-3C10B29EF923}.Release|Any CPU.ActiveCfg = Release|Any CPU
		{4BDE0A20-4100-4DE8-8602-3C10B29EF923}.Release|Any CPU.Build.0 = Release|Any CPU
	EndGlobalSection
	GlobalSection(SolutionProperties) = preSolution
		HideSolutionNode = FALSE
	EndGlobalSection
	GlobalSection(ExtensibilityGlobals) = postSolution
		SolutionGuid = {2A786AF6-3556-4AEE-A599-E1F09726EBF7}
	EndGlobalSection
EndGlobal
